
Microsoft Visual Studio Solution File, Format Version 12.00
# Visual Studio Version 17
VisualStudioVersion = 17.9.34728.123
MinimumVisualStudioVersion = 10.0.40219.1
Project("{9A19103F-16F7-4668-BE54-9A1E7A4F7556}") = "TodoList", "TodoList.csproj", "{C97B25F6-608A-4399-83D9-6F7280B6116A}"
EndProject
Global
	GlobalSection(SolutionConfigurationPlatforms) = preSolution
		Debug|Any CPU = Debug|Any CPU
		Release|Any CPU = Release|Any CPU
	EndGlobalSection
	GlobalSection(ProjectConfigurationPlatforms) = postSolution
		{C97B25F6-608A-4399-83D9-6F7280B6116A}.Debug|Any CPU.ActiveCfg = Debug|Any CPU
		{C97B25F6-608A-4399-83D9-6F7280B6116A}.Debug|Any CPU.Build.0 = Debug|Any CPU
		{C97B25F6-608A-4399-83D9-6F7280B6116A}.Release|Any CPU.ActiveCfg = Release|Any CPU
		{C97B25F6-608A-4399-83D9-6F7280B6116A}.Release|Any CPU.Build.0 = Release|Any CPU
	EndGlobalSection
	GlobalSection(SolutionProperties) = preSolution
		HideSolutionNode = FALSE
	EndGlobalSection
	GlobalSection(ExtensibilityGlobals) = postSolution
		SolutionGuid = {47781780-EA9F-4054-9AA6-580060BA405F}
	EndGlobalSection
EndGlobal
